<?xml version="1.0" encoding="utf-8"?>
<Project ToolsVersion="4.0" xmlns="http://schemas.microsoft.com/developer/msbuild/2003">
  <ItemGroup>
    <Filter Include="Source Files">
      <UniqueIdentifier>{4FC737F1-C7A5-4376-A066-2A32D752A2FF}</UniqueIdentifier>
      <Extensions>cpp;c;cc;cxx;def;odl;idl;hpj;bat;asm;asmx</Extensions>
    </Filter>
    <Filter Include="Header Files">
      <UniqueIdentifier>{93995380-89BD-4b04-88EB-625FBE52EBFB}</UniqueIdentifier>
      <Extensions>h;hpp;hxx;hm;inl;inc;xsd</Extensions>
    </Filter>
    <Filter Include="Resource Files">
      <UniqueIdentifier>{67DA6AB6-F800-4c08-8B7A-83BB121AAD01}</UniqueIdentifier>
      <Extensions>rc;ico;cur;bmp;dlg;rc2;rct;bin;rgs;gif;jpg;jpeg;jpe;resx;tiff;tif;png;wav;mfcribbon-ms</Extensions>
    </Filter>
    <Filter Include="Source Files\GoogleInterview">
      <UniqueIdentifier>{5a67dab4-3a7a-4559-8829-40e36714da12}</UniqueIdentifier>
    </Filter>
    <Filter Include="Source Files\BinaryTree">
      <UniqueIdentifier>{8ed41b65-c71c-4772-9c0a-c01b1d5f8259}</UniqueIdentifier>
    </Filter>
    <Filter Include="Source Files\DataStructure">
      <UniqueIdentifier>{2ecdf7e9-e7f0-4571-8315-5ac143b1a031}</UniqueIdentifier>
    </Filter>
    <Filter Include="Source Files\SortingAlgorithm">
      <UniqueIdentifier>{30a1cfd2-f864-4590-8460-d64c4e2053a0}</UniqueIdentifier>
    </Filter>
  </ItemGroup>
  <ItemGroup>
    <ClInclude Include="IntBinaryTree.h">
      <Filter>Source Files\GoogleInterview</Filter>
    </ClInclude>
    <ClInclude Include="BinaryTreeStructure.h">
      <Filter>Source Files\BinaryTree</Filter>
    </ClInclude>
  </ItemGroup>
  <ItemGroup>
    <ClCompile Include="IntBinaryTree.cpp">
      <Filter>Source Files\GoogleInterview</Filter>
    </ClCompile>
    <ClCompile Include="MyTree.cpp">
      <Filter>Source Files\GoogleInterview</Filter>
    </ClCompile>
    <ClCompile Include="Phishing.cpp">
      <Filter>Source Files\GoogleInterview</Filter>
    </ClCompile>
    <ClCompile Include="FamilyTree.cpp">
      <Filter>Source Files\BinaryTree</Filter>
    </ClCompile>
    <ClCompile Include="Array.cpp">
      <Filter>Source Files\DataStructure</Filter>
    </ClCompile>
    <ClCompile Include="Slack.cpp">
      <Filter>Source Files\DataStructure</Filter>
    </ClCompile>
    <ClCompile Include="Queues.cpp">
      <Filter>Source Files\DataStructure</Filter>
    </ClCompile>
    <ClCompile Include="Sorting.cpp">
      <Filter>Source Files\SortingAlgorithm</Filter>
    </ClCompile>
  </ItemGroup>
  <ItemGroup>
    <None Include="..\..\..\PhisingEmail.txt">
      <Filter>Source Files\GoogleInterview</Filter>
    </None>
  </ItemGroup>
</Project>