
Microsoft Visual Studio Solution File, Format Version 11.00
# Visual C++ Express 2010
Project("{8BC9CEB8-8B4A-11D0-8D11-00A0C91BC942}") = "CONSC165-FinalProject", "CONSC165-FinalProject\CONSC165-FinalProject.vcxproj", "{9CC14CF0-B8B9-4B0E-A452-4FFE3A46D29D}"
EndProject
Global
	GlobalSection(SolutionConfigurationPlatforms) = preSolution
		Debug|Win32 = Debug|Win32
		Release|Win32 = Release|Win32
	EndGlobalSection
	GlobalSection(ProjectConfigurationPlatforms) = postSolution
		{9CC14CF0-B8B9-4B0E-A452-4FFE3A46D29D}.Debug|Win32.ActiveCfg = Debug|Win32
		{9CC14CF0-B8B9-4B0E-A452-4FFE3A46D29D}.Debug|Win32.Build.0 = Debug|Win32
		{9CC14CF0-B8B9-4B0E-A452-4FFE3A46D29D}.Release|Win32.ActiveCfg = Release|Win32
		{9CC14CF0-B8B9-4B0E-A452-4FFE3A46D29D}.Release|Win32.Build.0 = Release|Win32
	EndGlobalSection
	GlobalSection(SolutionProperties) = preSolution
		HideSolutionNode = FALSE
	EndGlobalSection
EndGlobal
