
Microsoft Visual Studio Solution File, Format Version 11.00
# Visual C++ Express 2010
Project("{8BC9CEB8-8B4A-11D0-8D11-00A0C91BC942}") = "CProcessing", "CProcessing\CProcessing.vcxproj", "{C939CE7E-4248-4EA1-BEAB-E6976E23E69D}"
EndProject
Global
	GlobalSection(SolutionConfigurationPlatforms) = preSolution
		Debug|Win32 = Debug|Win32
		Release|Win32 = Release|Win32
	EndGlobalSection
	GlobalSection(ProjectConfigurationPlatforms) = postSolution
		{C939CE7E-4248-4EA1-BEAB-E6976E23E69D}.Debug|Win32.ActiveCfg = Debug|Win32
		{C939CE7E-4248-4EA1-BEAB-E6976E23E69D}.Debug|Win32.Build.0 = Debug|Win32
		{C939CE7E-4248-4EA1-BEAB-E6976E23E69D}.Release|Win32.ActiveCfg = Release|Win32
		{C939CE7E-4248-4EA1-BEAB-E6976E23E69D}.Release|Win32.Build.0 = Release|Win32
	EndGlobalSection
	GlobalSection(SolutionProperties) = preSolution
		HideSolutionNode = FALSE
	EndGlobalSection
EndGlobal
