<?xml version="1.0" encoding="utf-8"?>
<Project ToolsVersion="4.0" xmlns="http://schemas.microsoft.com/developer/msbuild/2003">
  <ItemGroup>
    <Filter Include="Source Files">
      <UniqueIdentifier>{4FC737F1-C7A5-4376-A066-2A32D752A2FF}</UniqueIdentifier>
      <Extensions>cpp;c;cc;cxx;def;odl;idl;hpj;bat;asm;asmx</Extensions>
    </Filter>
    <Filter Include="Header Files">
      <UniqueIdentifier>{93995380-89BD-4b04-88EB-625FBE52EBFB}</UniqueIdentifier>
      <Extensions>h;hpp;hxx;hm;inl;inc;xsd</Extensions>
    </Filter>
    <Filter Include="Resource Files">
      <UniqueIdentifier>{67DA6AB6-F800-4c08-8B7A-83BB121AAD01}</UniqueIdentifier>
      <Extensions>rc;ico;cur;bmp;dlg;rc2;rct;bin;rgs;gif;jpg;jpeg;jpe;resx;tiff;tif;png;wav;mfcribbon-ms</Extensions>
    </Filter>
    <Filter Include="Source Files\Slacks">
      <UniqueIdentifier>{73641295-c4ad-440c-af8a-db7978e1305f}</UniqueIdentifier>
    </Filter>
    <Filter Include="Source Files\IntBinaryTree">
      <UniqueIdentifier>{d6333378-5fd9-4316-93e2-8e755e627ca0}</UniqueIdentifier>
    </Filter>
    <Filter Include="Source Files\interviewCake">
      <UniqueIdentifier>{ec797173-0464-426a-834a-8b33e0b87c39}</UniqueIdentifier>
    </Filter>
  </ItemGroup>
  <ItemGroup>
    <ClCompile Include="googlepractice.cpp">
      <Filter>Source Files</Filter>
    </ClCompile>
    <ClCompile Include="CompareTwoStringSame.cpp">
      <Filter>Source Files</Filter>
    </ClCompile>
    <ClCompile Include="HashTables.cpp">
      <Filter>Source Files</Filter>
    </ClCompile>
    <ClCompile Include="ArrayBaseList.cpp">
      <Filter>Source Files</Filter>
    </ClCompile>
    <ClCompile Include="LinkedLists.cpp">
      <Filter>Source Files</Filter>
    </ClCompile>
    <ClCompile Include="StringWithUniqueCharacters.cpp">
      <Filter>Source Files</Filter>
    </ClCompile>
    <ClCompile Include="RemoveDuplicateCharacters.cpp">
      <Filter>Source Files</Filter>
    </ClCompile>
    <ClCompile Include="Anagrams.cpp">
      <Filter>Source Files</Filter>
    </ClCompile>
    <ClCompile Include="ReplaceAllSpaces.cpp">
      <Filter>Source Files</Filter>
    </ClCompile>
    <ClCompile Include="Matrix.cpp">
      <Filter>Source Files</Filter>
    </ClCompile>
    <ClCompile Include="LinkedList.cpp">
      <Filter>Source Files</Filter>
    </ClCompile>
    <ClCompile Include="SwapNumberWithoutVariables.cpp">
      <Filter>Source Files</Filter>
    </ClCompile>
    <ClCompile Include="EnglishphraseNumber.cpp">
      <Filter>Source Files</Filter>
    </ClCompile>
    <ClCompile Include="StringCompression.cpp">
      <Filter>Source Files</Filter>
    </ClCompile>
    <ClCompile Include="SlackQueues.cpp">
      <Filter>Source Files\Slacks</Filter>
    </ClCompile>
    <ClCompile Include="IntStack.cpp">
      <Filter>Source Files\Slacks</Filter>
    </ClCompile>
    <ClCompile Include="Tree.cpp">
      <Filter>Source Files\IntBinaryTree</Filter>
    </ClCompile>
    <ClCompile Include="IntBinaryTree1.cpp">
      <Filter>Source Files\IntBinaryTree</Filter>
    </ClCompile>
    <ClCompile Include="interviewQuestion.cpp">
      <Filter>Source Files\interviewCake</Filter>
    </ClCompile>
    <ClCompile Include="BinaryTree.cpp">
      <Filter>Source Files\interviewCake</Filter>
    </ClCompile>
  </ItemGroup>
  <ItemGroup>
    <ClInclude Include="NumberList.h">
      <Filter>Source Files</Filter>
    </ClInclude>
    <ClInclude Include="intStack.h">
      <Filter>Source Files\Slacks</Filter>
    </ClInclude>
    <ClInclude Include="IntBinaryTree1.h">
      <Filter>Source Files\IntBinaryTree</Filter>
    </ClInclude>
  </ItemGroup>
</Project>