
Microsoft Visual Studio Solution File, Format Version 11.00
# Visual C++ Express 2010
Project("{8BC9CEB8-8B4A-11D0-8D11-00A0C91BC942}") = "UnixProgramProject", "UnixProgramProject\UnixProgramProject.vcxproj", "{FE37C0E4-C3F3-4B5D-B1AF-55D4A8846441}"
EndProject
Global
	GlobalSection(SolutionConfigurationPlatforms) = preSolution
		Debug|Win32 = Debug|Win32
		Release|Win32 = Release|Win32
	EndGlobalSection
	GlobalSection(ProjectConfigurationPlatforms) = postSolution
		{FE37C0E4-C3F3-4B5D-B1AF-55D4A8846441}.Debug|Win32.ActiveCfg = Debug|Win32
		{FE37C0E4-C3F3-4B5D-B1AF-55D4A8846441}.Debug|Win32.Build.0 = Debug|Win32
		{FE37C0E4-C3F3-4B5D-B1AF-55D4A8846441}.Release|Win32.ActiveCfg = Release|Win32
		{FE37C0E4-C3F3-4B5D-B1AF-55D4A8846441}.Release|Win32.Build.0 = Release|Win32
	EndGlobalSection
	GlobalSection(SolutionProperties) = preSolution
		HideSolutionNode = FALSE
	EndGlobalSection
EndGlobal
